{
  "requires": true,
  "lockfileVersion": 1,
  "dependencies": {
    "@mozilla-protocol/core": {
      "version": "5.0.0",
      "resolved": "https://registry.npmjs.org/@mozilla-protocol/core/-/core-5.0.0.tgz",
      "integrity": "sha512-TqG854ztxFn89Ak6Vcw1FGJelH+X36i+8sinhecrlZstKtuLstlF+RY3R49r4ya7nBHXkkQCDk00EzhQ7jJ39Q=="
    }
  }
}
